{
    "hash": "381405574765e0beb2685d237ea61a1f",
    "packages": [
        {
            "name": "zendframework/zend-loader",
            "version": "2.1.3",
            "target-dir": "Zend/Loader",
            "source": {
                "type": "git",
                "url": "https://github.com/zendframework/Component_ZendLoader.git",
                "reference": "release-2.1.3"
            },
            "dist": {
                "type": "zip",
                "url": "https://api.github.com/repos/zendframework/Component_ZendLoader/zipball/release-2.1.3",
                "reference": "release-2.1.3",
                "shasum": ""
            },
            "require": {
                "php": ">=5.3.3"
            },
            "suggest": {
                "zendframework/zend-stdlib": "Zend\\Stdlib component"
            },
            "time": "2013-02-19 16:57:42",
            "type": "library",
            "extra": {
                "branch-alias": {
                    "dev-master": "2.1-dev",
                    "dev-develop": "2.2-dev"
                }
            },
            "autoload": {
                "psr-0": {
                    "Zend\\Loader\\": ""
                }
            },
            "notification-url": "https://packagist.org/downloads/",
            "license": [
                "BSD-3-Clause"
            ],
            "keywords": [
                "zf2",
                "loader"
            ]
        },
        {
            "name": "zendframework/zend-mail",
            "version": "2.1.3",
            "target-dir": "Zend/Mail",
            "source": {
                "type": "git",
                "url": "https://github.com/zendframework/Component_ZendMail.git",
                "reference": "release-2.1.3"
            },
            "dist": {
                "type": "zip",
                "url": "https://api.github.com/repos/zendframework/Component_ZendMail/zipball/release-2.1.3",
                "reference": "release-2.1.3",
                "shasum": ""
            },
            "require": {
                "php": ">=5.3.3",
                "zendframework/zend-loader": "self.version",
                "zendframework/zend-mime": "self.version",
                "zendframework/zend-stdlib": "self.version"
            },
            "suggest": {
                "zendframework/zend-validator": "Zend\\Validator component",
                "zendframework/zend-servicemanager": "Zend\\ServiceManager component"
            },
            "time": "2013-02-19 21:16:41",
            "type": "library",
            "extra": {
                "branch-alias": {
                    "dev-master": "2.1-dev",
                    "dev-develop": "2.2-dev"
                }
            },
            "autoload": {
                "psr-0": {
                    "Zend\\Mail\\": ""
                }
            },
            "notification-url": "https://packagist.org/downloads/",
            "license": [
                "BSD-3-Clause"
            ],
            "description": "provides generalized functionality to compose and send both text and MIME-compliant multipart e-mail messages",
            "keywords": [
                "mail",
                "zf2"
            ]
        },
        {
            "name": "zendframework/zend-mime",
            "version": "2.1.3",
            "target-dir": "Zend/Mime",
            "source": {
                "type": "git",
                "url": "https://github.com/zendframework/Component_ZendMime.git",
                "reference": "release-2.1.3"
            },
            "dist": {
                "type": "zip",
                "url": "https://api.github.com/repos/zendframework/Component_ZendMime/zipball/release-2.1.3",
                "reference": "release-2.1.3",
                "shasum": ""
            },
            "require": {
                "php": ">=5.3.3",
                "zendframework/zend-stdlib": "self.version"
            },
            "time": "2013-02-14 14:56:52",
            "type": "library",
            "extra": {
                "branch-alias": {
                    "dev-master": "2.1-dev",
                    "dev-develop": "2.2-dev"
                }
            },
            "autoload": {
                "psr-0": {
                    "Zend\\Mime\\": ""
                }
            },
            "notification-url": "https://packagist.org/downloads/",
            "license": [
                "BSD-3-Clause"
            ],
            "keywords": [
                "zf2",
                "mime"
            ]
        },
        {
            "name": "zendframework/zend-stdlib",
            "version": "2.1.3",
            "target-dir": "Zend/Stdlib",
            "source": {
                "type": "git",
                "url": "https://github.com/zendframework/Component_ZendStdlib.git",
                "reference": "release-2.1.3"
            },
            "dist": {
                "type": "zip",
                "url": "https://api.github.com/repos/zendframework/Component_ZendStdlib/zipball/release-2.1.3",
                "reference": "release-2.1.3",
                "shasum": ""
            },
            "require": {
                "php": ">=5.3.3"
            },
            "suggest": {
                "pecl-weakref": "Implementation of weak references for Stdlib\\CallbackHandler"
            },
            "time": "2013-02-21 15:56:33",
            "type": "library",
            "extra": {
                "branch-alias": {
                    "dev-master": "2.1-dev",
                    "dev-develop": "2.2-dev"
                }
            },
            "autoload": {
                "psr-0": {
                    "Zend\\Stdlib\\": ""
                },
                "files": [
                    "Zend/Stdlib/compatibility/autoload.php"
                ]
            },
            "notification-url": "https://packagist.org/downloads/",
            "license": [
                "BSD-3-Clause"
            ],
            "keywords": [
                "zf2",
                "stdlib"
            ]
        }
    ],
    "packages-dev": null,
    "aliases": [

    ],
    "minimum-stability": "stable",
    "stability-flags": {
        "behat/behat": 0,
        "behat/mink": 0
    }
}
